// !$*UTF8*$!
{
	archiveVersion = 1;
	classes = {
	};
	objectVersion = 46;
	objects = {

/* Begin PBXAggregateTarget section */
		9E0D829DC64D464883EC7A81 /* ALL_BUILD */ = {
			isa = PBXAggregateTarget;
			buildConfigurationList = 8A90E67D4D914F29BE59AC4E /* Build configuration list for PBXAggregateTarget "ALL_BUILD" */;
			buildPhases = (
				56A501EF7D3342A6B37C8E67 /* CMake Rules */,
			);
			dependencies = (
				852E8B7AC4E4412D981E43D1 /* PBXTargetDependency */,
				23125E64841A46CDA4E0E0C0 /* PBXTargetDependency */,
			);
			name = ALL_BUILD;
			productName = ALL_BUILD;
		};
		F043BE9065A04BD4B26B2FA6 /* ZERO_CHECK */ = {
			isa = PBXAggregateTarget;
			buildConfigurationList = EBC03D2858604777A2DB649E /* Build configuration list for PBXAggregateTarget "ZERO_CHECK" */;
			buildPhases = (
				EB38478A29F540FEAACC1CCA /* CMake Rules */,
			);
			dependencies = (
			);
			name = ZERO_CHECK;
			productName = ZERO_CHECK;
		};
/* End PBXAggregateTarget section */

/* Begin PBXBuildFile section */
		04FC34BE90D94DDBA48079A4 /* gl_core_texture.cpp in Sources */ = {isa = PBXBuildFile; fileRef = 6955DB45FAA64CAAB3513FCC /* gl_core_texture.cpp */; settings = {COMPILER_FLAGS = ""; }; };
		0DF95095C4E9487D939CCAE3 /* text.cpp in Sources */ = {isa = PBXBuildFile; fileRef = BD91FF3F06DB4F3FA301EF0C /* text.cpp */; settings = {COMPILER_FLAGS = ""; }; };
		1B3B408634D54B2DB0DD11EA /* atlas_factory.cpp in Sources */ = {isa = PBXBuildFile; fileRef = C82508CCB9C540EEBD4AF199 /* atlas_factory.cpp */; settings = {COMPILER_FLAGS = ""; }; };
		1CAE909EC85842298A529F67 /* gl_core_shader.cpp in Sources */ = {isa = PBXBuildFile; fileRef = 0F592F717C3240EFBEB92272 /* gl_core_shader.cpp */; settings = {COMPILER_FLAGS = ""; }; };
		35F6552DB4A347F99963917B /* uic_texture.cpp in Sources */ = {isa = PBXBuildFile; fileRef = D819CB28A94E421BACF0AA7E /* uic_texture.cpp */; settings = {COMPILER_FLAGS = ""; }; };
		3866C73B103B427CA385791E /* shader.cpp in Sources */ = {isa = PBXBuildFile; fileRef = 1FCFFC1F222F4CFEB31D74ED /* shader.cpp */; settings = {COMPILER_FLAGS = ""; }; };
		41796B8C4FC846F18FFBE3A4 /* gl_core_atlas_factory.cpp in Sources */ = {isa = PBXBuildFile; fileRef = 90D4978BA8564D38A250721A /* gl_core_atlas_factory.cpp */; settings = {COMPILER_FLAGS = ""; }; };
		4FC36F481112430293245AAB /* buffer.cpp in Sources */ = {isa = PBXBuildFile; fileRef = 81D636EBB53C4B59A3FE00BB /* buffer.cpp */; settings = {COMPILER_FLAGS = ""; }; };
		55DEEA3DCEF34AF387DDF38B /* font.cpp in Sources */ = {isa = PBXBuildFile; fileRef = 07AEE3F37BA3478EBCB7ACFD /* font.cpp */; settings = {COMPILER_FLAGS = ""; }; };
		582D18B205B84EDBAE64BB9B /* scene_test.cpp in Sources */ = {isa = PBXBuildFile; fileRef = 3700D99B239F49F798EADEE1 /* scene_test.cpp */; settings = {COMPILER_FLAGS = ""; }; };
		5BC9BF8C218940BD947615D4 /* uic_text.cpp in Sources */ = {isa = PBXBuildFile; fileRef = 5DE959EB8C3A4712A2D24FE6 /* uic_text.cpp */; settings = {COMPILER_FLAGS = ""; }; };
		5BF66DAF6DC543919C05DC3C /* scene_osu.cpp in Sources */ = {isa = PBXBuildFile; fileRef = B84758793351458EB2319B31 /* scene_osu.cpp */; settings = {COMPILER_FLAGS = ""; }; };
		639ECDD972DD49AC86743C40 /* gl_core_matrix.cpp in Sources */ = {isa = PBXBuildFile; fileRef = 35DA4AC6BA87411A84DE6DCD /* gl_core_matrix.cpp */; settings = {COMPILER_FLAGS = ""; }; };
		858A49768A9F403F8B17F84F /* ui.cpp in Sources */ = {isa = PBXBuildFile; fileRef = D883DEFF84784BA1BB19CB1D /* ui.cpp */; settings = {COMPILER_FLAGS = ""; }; };
		989AD1DEF5E849C599B46D89 /* gl_core_program.cpp in Sources */ = {isa = PBXBuildFile; fileRef = 2F4A437C34BE48949288EEEA /* gl_core_program.cpp */; settings = {COMPILER_FLAGS = ""; }; };
		9E59423B9AB44511A2CC7225 /* scene.cpp in Sources */ = {isa = PBXBuildFile; fileRef = 70401692682F4813B85A8102 /* scene.cpp */; settings = {COMPILER_FLAGS = ""; }; };
		ADFD6378DD6C4EF78B0866DE /* scene_ctb.cpp in Sources */ = {isa = PBXBuildFile; fileRef = 8D89763B899E4DD5A334CCC0 /* scene_ctb.cpp */; settings = {COMPILER_FLAGS = ""; }; };
		B457D7F914AB446EBCC52A60 /* matrix.cpp in Sources */ = {isa = PBXBuildFile; fileRef = F34AE7E48B4A4DAEBAB80F2E /* matrix.cpp */; settings = {COMPILER_FLAGS = ""; }; };
		BA9F707C98784768A8DCE4CA /* game.cpp in Sources */ = {isa = PBXBuildFile; fileRef = 716860DAA1A842D7B5C00EF6 /* game.cpp */; settings = {COMPILER_FLAGS = ""; }; };
		D1133B6DC89B44BA94C07783 /* gl_core_buffer.cpp in Sources */ = {isa = PBXBuildFile; fileRef = 44E8850781C443D3A962738D /* gl_core_buffer.cpp */; settings = {COMPILER_FLAGS = ""; }; };
		F0625AC8509E4AFB8052E089 /* gl_core_graphics.cpp in Sources */ = {isa = PBXBuildFile; fileRef = F3895348CD45478293DEDD2B /* gl_core_graphics.cpp */; settings = {COMPILER_FLAGS = ""; }; };
		F0E285A05A1742D18886DB53 /* main.cpp in Sources */ = {isa = PBXBuildFile; fileRef = CF24B19F577E44F49DFCBCAA /* main.cpp */; settings = {COMPILER_FLAGS = ""; }; };
		F362B3B241FA45C6AE44C068 /* scene_gamemode.cpp in Sources */ = {isa = PBXBuildFile; fileRef = 291856358CE84A8D9F240E44 /* scene_gamemode.cpp */; settings = {COMPILER_FLAGS = ""; }; };
		F55632C436634A848BF1C7EB /* scene_menu.cpp in Sources */ = {isa = PBXBuildFile; fileRef = D8DD7473520340298E5D7974 /* scene_menu.cpp */; settings = {COMPILER_FLAGS = ""; }; };
/* End PBXBuildFile section */

/* Begin PBXContainerItemProxy section */
		0094B91553A24D10935BCD10 /* PBXContainerItemProxy */ = {
			isa = PBXContainerItemProxy;
			containerPortal = 42AAB6503F994E96B2D1C79E /* Project object */;
			proxyType = 1;
			remoteGlobalIDString = F043BE9065A04BD4B26B2FA6;
			remoteInfo = ZERO_CHECK;
		};
		19E31543F8FB4273AD28AECF /* PBXContainerItemProxy */ = {
			isa = PBXContainerItemProxy;
			containerPortal = 42AAB6503F994E96B2D1C79E /* Project object */;
			proxyType = 1;
			remoteGlobalIDString = CF146CEF01B947A1AA4EE0C7;
			remoteInfo = ouzo;
		};
		4A9D95AC098D4B8D8E738A97 /* PBXContainerItemProxy */ = {
			isa = PBXContainerItemProxy;
			containerPortal = 42AAB6503F994E96B2D1C79E /* Project object */;
			proxyType = 1;
			remoteGlobalIDString = F043BE9065A04BD4B26B2FA6;
			remoteInfo = ZERO_CHECK;
		};
/* End PBXContainerItemProxy section */

/* Begin PBXFileReference section */
		07AEE3F37BA3478EBCB7ACFD /* font.cpp */ = {isa = PBXFileReference; explicitFileType = sourcecode.cpp.cpp; fileEncoding = 4; name = font.cpp; path = src/font.cpp; sourceTree = SOURCE_ROOT; };
		0F592F717C3240EFBEB92272 /* gl_core_shader.cpp */ = {isa = PBXFileReference; explicitFileType = sourcecode.cpp.cpp; fileEncoding = 4; name = gl_core_shader.cpp; path = src/gl_core/gl_core_shader.cpp; sourceTree = SOURCE_ROOT; };
		1FCFFC1F222F4CFEB31D74ED /* shader.cpp */ = {isa = PBXFileReference; explicitFileType = sourcecode.cpp.cpp; fileEncoding = 4; name = shader.cpp; path = src/shader.cpp; sourceTree = SOURCE_ROOT; };
		2757C63CC6E541569F80DD58 /* scene_ctb.hpp */ = {isa = PBXFileReference; explicitFileType = sourcecode.cpp.h; fileEncoding = 4; name = scene_ctb.hpp; path = include/scene_ctb.hpp; sourceTree = SOURCE_ROOT; };
		27C5B9379C4E45CF9C3EC90C /* uic_button.hpp */ = {isa = PBXFileReference; explicitFileType = sourcecode.cpp.h; fileEncoding = 4; name = uic_button.hpp; path = include/uic_button.hpp; sourceTree = SOURCE_ROOT; };
		291856358CE84A8D9F240E44 /* scene_gamemode.cpp */ = {isa = PBXFileReference; explicitFileType = sourcecode.cpp.cpp; fileEncoding = 4; name = scene_gamemode.cpp; path = src/scene_gamemode.cpp; sourceTree = SOURCE_ROOT; };
		2B0EDDBA4EDD44369F4A895E /* CMakeLists.txt */ = {isa = PBXFileReference; explicitFileType = sourcecode.text; fileEncoding = 4; lastKnownFileType = text; path = CMakeLists.txt; sourceTree = SOURCE_ROOT; };
		2F4A437C34BE48949288EEEA /* gl_core_program.cpp */ = {isa = PBXFileReference; explicitFileType = sourcecode.cpp.cpp; fileEncoding = 4; name = gl_core_program.cpp; path = src/gl_core/gl_core_program.cpp; sourceTree = SOURCE_ROOT; };
		35DA4AC6BA87411A84DE6DCD /* gl_core_matrix.cpp */ = {isa = PBXFileReference; explicitFileType = sourcecode.cpp.cpp; fileEncoding = 4; name = gl_core_matrix.cpp; path = src/gl_core/gl_core_matrix.cpp; sourceTree = SOURCE_ROOT; };
		3643CBC12AE144788F748384 /* atlas_factory.hpp */ = {isa = PBXFileReference; explicitFileType = sourcecode.cpp.h; fileEncoding = 4; name = atlas_factory.hpp; path = include/atlas_factory.hpp; sourceTree = SOURCE_ROOT; };
		3700D99B239F49F798EADEE1 /* scene_test.cpp */ = {isa = PBXFileReference; explicitFileType = sourcecode.cpp.cpp; fileEncoding = 4; name = scene_test.cpp; path = src/scene_test.cpp; sourceTree = SOURCE_ROOT; };
		3CB44373B5EB454CBBC4446E /* ui.hpp */ = {isa = PBXFileReference; explicitFileType = sourcecode.cpp.h; fileEncoding = 4; name = ui.hpp; path = include/ui.hpp; sourceTree = SOURCE_ROOT; };
		44E8850781C443D3A962738D /* gl_core_buffer.cpp */ = {isa = PBXFileReference; explicitFileType = sourcecode.cpp.cpp; fileEncoding = 4; name = gl_core_buffer.cpp; path = src/gl_core/gl_core_buffer.cpp; sourceTree = SOURCE_ROOT; };
		568AD9C0F7D1413CA66D72B2 /* scene_menu.hpp */ = {isa = PBXFileReference; explicitFileType = sourcecode.cpp.h; fileEncoding = 4; name = scene_menu.hpp; path = include/scene_menu.hpp; sourceTree = SOURCE_ROOT; };
		5DE959EB8C3A4712A2D24FE6 /* uic_text.cpp */ = {isa = PBXFileReference; explicitFileType = sourcecode.cpp.cpp; fileEncoding = 4; name = uic_text.cpp; path = src/uic_text.cpp; sourceTree = SOURCE_ROOT; };
		60F9FC9CD9104F60AFA8098F /* font_chars.hpp */ = {isa = PBXFileReference; explicitFileType = sourcecode.cpp.h; fileEncoding = 4; name = font_chars.hpp; path = include/font_chars.hpp; sourceTree = SOURCE_ROOT; };
		6955DB45FAA64CAAB3513FCC /* gl_core_texture.cpp */ = {isa = PBXFileReference; explicitFileType = sourcecode.cpp.cpp; fileEncoding = 4; name = gl_core_texture.cpp; path = src/gl_core/gl_core_texture.cpp; sourceTree = SOURCE_ROOT; };
		6BA78F53BCF0420BB895899A /* CMakeLists.txt */ = {isa = PBXFileReference; explicitFileType = sourcecode.text; fileEncoding = 4; lastKnownFileType = text; path = CMakeLists.txt; sourceTree = SOURCE_ROOT; };
		70401692682F4813B85A8102 /* scene.cpp */ = {isa = PBXFileReference; explicitFileType = sourcecode.cpp.cpp; fileEncoding = 4; name = scene.cpp; path = src/scene.cpp; sourceTree = SOURCE_ROOT; };
		716860DAA1A842D7B5C00EF6 /* game.cpp */ = {isa = PBXFileReference; explicitFileType = sourcecode.cpp.cpp; fileEncoding = 4; name = game.cpp; path = src/game.cpp; sourceTree = SOURCE_ROOT; };
		7FA0DB7401074B13938BC312 /* game.hpp */ = {isa = PBXFileReference; explicitFileType = sourcecode.cpp.h; fileEncoding = 4; name = game.hpp; path = include/game.hpp; sourceTree = SOURCE_ROOT; };
		81D636EBB53C4B59A3FE00BB /* buffer.cpp */ = {isa = PBXFileReference; explicitFileType = sourcecode.cpp.cpp; fileEncoding = 4; name = buffer.cpp; path = src/buffer.cpp; sourceTree = SOURCE_ROOT; };
		8BC10AB6892B4D658CCC0643 /* scene_gamemode.hpp */ = {isa = PBXFileReference; explicitFileType = sourcecode.cpp.h; fileEncoding = 4; name = scene_gamemode.hpp; path = include/scene_gamemode.hpp; sourceTree = SOURCE_ROOT; };
		8D89763B899E4DD5A334CCC0 /* scene_ctb.cpp */ = {isa = PBXFileReference; explicitFileType = sourcecode.cpp.cpp; fileEncoding = 4; name = scene_ctb.cpp; path = src/scene_ctb.cpp; sourceTree = SOURCE_ROOT; };
		8FEB3227714E4E45B99B8A91 /* font.hpp */ = {isa = PBXFileReference; explicitFileType = sourcecode.cpp.h; fileEncoding = 4; name = font.hpp; path = include/font.hpp; sourceTree = SOURCE_ROOT; };
		90D4978BA8564D38A250721A /* gl_core_atlas_factory.cpp */ = {isa = PBXFileReference; explicitFileType = sourcecode.cpp.cpp; fileEncoding = 4; name = gl_core_atlas_factory.cpp; path = src/gl_core/gl_core_atlas_factory.cpp; sourceTree = SOURCE_ROOT; };
		974782B4E2F34A3EBA63BCE3 /* buffer.hpp */ = {isa = PBXFileReference; explicitFileType = sourcecode.cpp.h; fileEncoding = 4; name = buffer.hpp; path = include/buffer.hpp; sourceTree = SOURCE_ROOT; };
		9D033884DED045AFA9BDCE31 /* uic_texture.hpp */ = {isa = PBXFileReference; explicitFileType = sourcecode.cpp.h; fileEncoding = 4; name = uic_texture.hpp; path = include/uic_texture.hpp; sourceTree = SOURCE_ROOT; };
		A9E059646E284802B937DA4F /* texture.hpp */ = {isa = PBXFileReference; explicitFileType = sourcecode.cpp.h; fileEncoding = 4; name = texture.hpp; path = include/texture.hpp; sourceTree = SOURCE_ROOT; };
		B6261632251A45378307B3AB /* CMakeLists.txt */ = {isa = PBXFileReference; explicitFileType = sourcecode.text; fileEncoding = 4; lastKnownFileType = text; path = CMakeLists.txt; sourceTree = SOURCE_ROOT; };
		B84758793351458EB2319B31 /* scene_osu.cpp */ = {isa = PBXFileReference; explicitFileType = sourcecode.cpp.cpp; fileEncoding = 4; name = scene_osu.cpp; path = src/scene_osu.cpp; sourceTree = SOURCE_ROOT; };
		B850C5764FFD49DAA083C13E /* scene_test.hpp */ = {isa = PBXFileReference; explicitFileType = sourcecode.cpp.h; fileEncoding = 4; name = scene_test.hpp; path = include/scene_test.hpp; sourceTree = SOURCE_ROOT; };
		BD91FF3F06DB4F3FA301EF0C /* text.cpp */ = {isa = PBXFileReference; explicitFileType = sourcecode.cpp.cpp; fileEncoding = 4; name = text.cpp; path = src/text.cpp; sourceTree = SOURCE_ROOT; };
		C31711B3DEAB400987BC8769 /* text.hpp */ = {isa = PBXFileReference; explicitFileType = sourcecode.cpp.h; fileEncoding = 4; name = text.hpp; path = include/text.hpp; sourceTree = SOURCE_ROOT; };
		C82508CCB9C540EEBD4AF199 /* atlas_factory.cpp */ = {isa = PBXFileReference; explicitFileType = sourcecode.cpp.cpp; fileEncoding = 4; name = atlas_factory.cpp; path = src/atlas_factory.cpp; sourceTree = SOURCE_ROOT; };
		C9DEB47523BD4AC0A5844FDB /* scene.hpp */ = {isa = PBXFileReference; explicitFileType = sourcecode.cpp.h; fileEncoding = 4; name = scene.hpp; path = include/scene.hpp; sourceTree = SOURCE_ROOT; };
		CF24B19F577E44F49DFCBCAA /* main.cpp */ = {isa = PBXFileReference; explicitFileType = sourcecode.cpp.cpp; fileEncoding = 4; name = main.cpp; path = src/main.cpp; sourceTree = SOURCE_ROOT; };
		CFF0546A0FD048A3AC0EB164 /* ouzo */ = {isa = PBXFileReference; explicitFileType = "compiled.mach-o.executable"; path = ouzo; sourceTree = BUILT_PRODUCTS_DIR; };
		D819CB28A94E421BACF0AA7E /* uic_texture.cpp */ = {isa = PBXFileReference; explicitFileType = sourcecode.cpp.cpp; fileEncoding = 4; name = uic_texture.cpp; path = src/uic_texture.cpp; sourceTree = SOURCE_ROOT; };
		D883DEFF84784BA1BB19CB1D /* ui.cpp */ = {isa = PBXFileReference; explicitFileType = sourcecode.cpp.cpp; fileEncoding = 4; name = ui.cpp; path = src/ui.cpp; sourceTree = SOURCE_ROOT; };
		D8DD7473520340298E5D7974 /* scene_menu.cpp */ = {isa = PBXFileReference; explicitFileType = sourcecode.cpp.cpp; fileEncoding = 4; name = scene_menu.cpp; path = src/scene_menu.cpp; sourceTree = SOURCE_ROOT; };
		E2C506E972454CCAA453D8AD /* scene_osu.hpp */ = {isa = PBXFileReference; explicitFileType = sourcecode.cpp.h; fileEncoding = 4; name = scene_osu.hpp; path = include/scene_osu.hpp; sourceTree = SOURCE_ROOT; };
		E42609711B554D448AA6B505 /* shader.hpp */ = {isa = PBXFileReference; explicitFileType = sourcecode.cpp.h; fileEncoding = 4; name = shader.hpp; path = include/shader.hpp; sourceTree = SOURCE_ROOT; };
		ECB6167D2F914C9B9E3178E8 /* graphics.hpp */ = {isa = PBXFileReference; explicitFileType = sourcecode.cpp.h; fileEncoding = 4; name = graphics.hpp; path = include/graphics.hpp; sourceTree = SOURCE_ROOT; };
		F34AE7E48B4A4DAEBAB80F2E /* matrix.cpp */ = {isa = PBXFileReference; explicitFileType = sourcecode.cpp.cpp; fileEncoding = 4; name = matrix.cpp; path = src/matrix.cpp; sourceTree = SOURCE_ROOT; };
		F3895348CD45478293DEDD2B /* gl_core_graphics.cpp */ = {isa = PBXFileReference; explicitFileType = sourcecode.cpp.cpp; fileEncoding = 4; name = gl_core_graphics.cpp; path = src/gl_core/gl_core_graphics.cpp; sourceTree = SOURCE_ROOT; };
		F93870207907445F82F8C943 /* uic_text.hpp */ = {isa = PBXFileReference; explicitFileType = sourcecode.cpp.h; fileEncoding = 4; name = uic_text.hpp; path = include/uic_text.hpp; sourceTree = SOURCE_ROOT; };
/* End PBXFileReference section */

/* Begin PBXGroup section */
		1B292AE94A37484985DE6534 /* ouzo */ = {
			isa = PBXGroup;
			children = (
				F5743D99B77F49CBA0A666F4 /* Source Files */,
				4B9E9600D505436DBB81864C /* Header Files */,
				B6261632251A45378307B3AB /* CMakeLists.txt */,
			);
			name = ouzo;
			sourceTree = "<group>";
		};
		3761360459B54A4AAC70D883 /* ZERO_CHECK */ = {
			isa = PBXGroup;
			children = (
				8E6AB4F10FE5420DB3D06DB5 /* CMake Rules */,
				2B0EDDBA4EDD44369F4A895E /* CMakeLists.txt */,
			);
			name = ZERO_CHECK;
			sourceTree = "<group>";
		};
		3830D53A83F048E29E693BB4 /* Products */ = {
			isa = PBXGroup;
			children = (
				CFF0546A0FD048A3AC0EB164 /* ouzo */,
			);
			name = Products;
			sourceTree = "<group>";
		};
		3A5407F2107F4BABB4AE19DC /* CMake Rules */ = {
			isa = PBXGroup;
			children = (
			);
			name = "CMake Rules";
			sourceTree = "<group>";
		};
		4022952D7A224360BA38C04F /* Sources */ = {
			isa = PBXGroup;
			children = (
				3761360459B54A4AAC70D883 /* ZERO_CHECK */,
				75BD62888F1B4DBC990E0F4C /* ALL_BUILD */,
				1B292AE94A37484985DE6534 /* ouzo */,
			);
			name = Sources;
			sourceTree = "<group>";
		};
		4B9E9600D505436DBB81864C /* Header Files */ = {
			isa = PBXGroup;
			children = (
				3643CBC12AE144788F748384 /* atlas_factory.hpp */,
				974782B4E2F34A3EBA63BCE3 /* buffer.hpp */,
				8FEB3227714E4E45B99B8A91 /* font.hpp */,
				60F9FC9CD9104F60AFA8098F /* font_chars.hpp */,
				7FA0DB7401074B13938BC312 /* game.hpp */,
				ECB6167D2F914C9B9E3178E8 /* graphics.hpp */,
				C9DEB47523BD4AC0A5844FDB /* scene.hpp */,
				2757C63CC6E541569F80DD58 /* scene_ctb.hpp */,
				8BC10AB6892B4D658CCC0643 /* scene_gamemode.hpp */,
				568AD9C0F7D1413CA66D72B2 /* scene_menu.hpp */,
				E2C506E972454CCAA453D8AD /* scene_osu.hpp */,
				B850C5764FFD49DAA083C13E /* scene_test.hpp */,
				E42609711B554D448AA6B505 /* shader.hpp */,
				C31711B3DEAB400987BC8769 /* text.hpp */,
				A9E059646E284802B937DA4F /* texture.hpp */,
				3CB44373B5EB454CBBC4446E /* ui.hpp */,
				27C5B9379C4E45CF9C3EC90C /* uic_button.hpp */,
				F93870207907445F82F8C943 /* uic_text.hpp */,
				9D033884DED045AFA9BDCE31 /* uic_texture.hpp */,
			);
			name = "Header Files";
			sourceTree = "<group>";
		};
		75BD62888F1B4DBC990E0F4C /* ALL_BUILD */ = {
			isa = PBXGroup;
			children = (
				3A5407F2107F4BABB4AE19DC /* CMake Rules */,
				6BA78F53BCF0420BB895899A /* CMakeLists.txt */,
			);
			name = ALL_BUILD;
			sourceTree = "<group>";
		};
		8E6AB4F10FE5420DB3D06DB5 /* CMake Rules */ = {
			isa = PBXGroup;
			children = (
			);
			name = "CMake Rules";
			sourceTree = "<group>";
		};
		AF9BB95160454EAB82C3AAC0 /* Resources */ = {
			isa = PBXGroup;
			children = (
			);
			name = Resources;
			sourceTree = "<group>";
		};
		F5743D99B77F49CBA0A666F4 /* Source Files */ = {
			isa = PBXGroup;
			children = (
				C82508CCB9C540EEBD4AF199 /* atlas_factory.cpp */,
				81D636EBB53C4B59A3FE00BB /* buffer.cpp */,
				07AEE3F37BA3478EBCB7ACFD /* font.cpp */,
				716860DAA1A842D7B5C00EF6 /* game.cpp */,
				90D4978BA8564D38A250721A /* gl_core_atlas_factory.cpp */,
				44E8850781C443D3A962738D /* gl_core_buffer.cpp */,
				F3895348CD45478293DEDD2B /* gl_core_graphics.cpp */,
				35DA4AC6BA87411A84DE6DCD /* gl_core_matrix.cpp */,
				2F4A437C34BE48949288EEEA /* gl_core_program.cpp */,
				0F592F717C3240EFBEB92272 /* gl_core_shader.cpp */,
				6955DB45FAA64CAAB3513FCC /* gl_core_texture.cpp */,
				CF24B19F577E44F49DFCBCAA /* main.cpp */,
				F34AE7E48B4A4DAEBAB80F2E /* matrix.cpp */,
				70401692682F4813B85A8102 /* scene.cpp */,
				8D89763B899E4DD5A334CCC0 /* scene_ctb.cpp */,
				291856358CE84A8D9F240E44 /* scene_gamemode.cpp */,
				D8DD7473520340298E5D7974 /* scene_menu.cpp */,
				B84758793351458EB2319B31 /* scene_osu.cpp */,
				3700D99B239F49F798EADEE1 /* scene_test.cpp */,
				1FCFFC1F222F4CFEB31D74ED /* shader.cpp */,
				BD91FF3F06DB4F3FA301EF0C /* text.cpp */,
				D883DEFF84784BA1BB19CB1D /* ui.cpp */,
				5DE959EB8C3A4712A2D24FE6 /* uic_text.cpp */,
				D819CB28A94E421BACF0AA7E /* uic_texture.cpp */,
			);
			name = "Source Files";
			sourceTree = "<group>";
		};
		FD8F808CF2454123A2446F98 = {
			isa = PBXGroup;
			children = (
				4022952D7A224360BA38C04F /* Sources */,
				AF9BB95160454EAB82C3AAC0 /* Resources */,
				3830D53A83F048E29E693BB4 /* Products */,
			);
			sourceTree = "<group>";
		};
/* End PBXGroup section */

/* Begin PBXNativeTarget section */
		CF146CEF01B947A1AA4EE0C7 /* ouzo */ = {
			isa = PBXNativeTarget;
			buildConfigurationList = DE611EC43E764B49887309B8 /* Build configuration list for PBXNativeTarget "ouzo" */;
			buildPhases = (
				7475CC14A5C14EB282D8463E /* Sources */,
			);
			buildRules = (
			);
			dependencies = (
				1794E6D691D844F6BBB54D46 /* PBXTargetDependency */,
			);
			name = ouzo;
			productName = ouzo;
			productReference = CFF0546A0FD048A3AC0EB164 /* ouzo */;
			productType = "com.apple.product-type.tool";
		};
/* End PBXNativeTarget section */

/* Begin PBXProject section */
		42AAB6503F994E96B2D1C79E /* Project object */ = {
			isa = PBXProject;
			attributes = {
				BuildIndependentTargetsInParallel = YES;
				LastUpgradeCheck = 0720;
			};
			buildConfigurationList = A8888442E3064035A878F62B /* Build configuration list for PBXProject "ouzo" */;
			compatibilityVersion = "Xcode 3.2";
			developmentRegion = English;
			hasScannedForEncodings = 0;
			knownRegions = (
				en,
			);
			mainGroup = FD8F808CF2454123A2446F98;
			projectDirPath = "";
			projectRoot = "";
			targets = (
				9E0D829DC64D464883EC7A81 /* ALL_BUILD */,
				F043BE9065A04BD4B26B2FA6 /* ZERO_CHECK */,
				CF146CEF01B947A1AA4EE0C7 /* ouzo */,
			);
		};
/* End PBXProject section */

/* Begin PBXShellScriptBuildPhase section */
		56A501EF7D3342A6B37C8E67 /* CMake Rules */ = {
			isa = PBXShellScriptBuildPhase;
			buildActionMask = 2147483647;
			files = (
			);
			name = "CMake Rules";
			runOnlyForDeploymentPostprocessing = 0;
			shellPath = /bin/sh;
			shellScript = "make -C /github/ouzo-game -f /github/ouzo-game/CMakeScripts/ALL_BUILD_cmakeRulesBuildPhase.make$CONFIGURATION all";
			showEnvVarsInLog = 0;
		};
		EB38478A29F540FEAACC1CCA /* CMake Rules */ = {
			isa = PBXShellScriptBuildPhase;
			buildActionMask = 2147483647;
			files = (
			);
			name = "CMake Rules";
			runOnlyForDeploymentPostprocessing = 0;
			shellPath = /bin/sh;
			shellScript = "make -C /github/ouzo-game -f /github/ouzo-game/CMakeScripts/ZERO_CHECK_cmakeRulesBuildPhase.make$CONFIGURATION all";
			showEnvVarsInLog = 0;
		};
/* End PBXShellScriptBuildPhase section */

/* Begin PBXSourcesBuildPhase section */
		7475CC14A5C14EB282D8463E /* Sources */ = {
			isa = PBXSourcesBuildPhase;
			buildActionMask = 2147483647;
			files = (
				1B3B408634D54B2DB0DD11EA /* atlas_factory.cpp in Sources */,
				4FC36F481112430293245AAB /* buffer.cpp in Sources */,
				55DEEA3DCEF34AF387DDF38B /* font.cpp in Sources */,
				BA9F707C98784768A8DCE4CA /* game.cpp in Sources */,
				41796B8C4FC846F18FFBE3A4 /* gl_core_atlas_factory.cpp in Sources */,
				D1133B6DC89B44BA94C07783 /* gl_core_buffer.cpp in Sources */,
				F0625AC8509E4AFB8052E089 /* gl_core_graphics.cpp in Sources */,
				639ECDD972DD49AC86743C40 /* gl_core_matrix.cpp in Sources */,
				989AD1DEF5E849C599B46D89 /* gl_core_program.cpp in Sources */,
				1CAE909EC85842298A529F67 /* gl_core_shader.cpp in Sources */,
				04FC34BE90D94DDBA48079A4 /* gl_core_texture.cpp in Sources */,
				F0E285A05A1742D18886DB53 /* main.cpp in Sources */,
				B457D7F914AB446EBCC52A60 /* matrix.cpp in Sources */,
				9E59423B9AB44511A2CC7225 /* scene.cpp in Sources */,
				ADFD6378DD6C4EF78B0866DE /* scene_ctb.cpp in Sources */,
				F362B3B241FA45C6AE44C068 /* scene_gamemode.cpp in Sources */,
				F55632C436634A848BF1C7EB /* scene_menu.cpp in Sources */,
				5BF66DAF6DC543919C05DC3C /* scene_osu.cpp in Sources */,
				582D18B205B84EDBAE64BB9B /* scene_test.cpp in Sources */,
				3866C73B103B427CA385791E /* shader.cpp in Sources */,
				0DF95095C4E9487D939CCAE3 /* text.cpp in Sources */,
				858A49768A9F403F8B17F84F /* ui.cpp in Sources */,
				5BC9BF8C218940BD947615D4 /* uic_text.cpp in Sources */,
				35F6552DB4A347F99963917B /* uic_texture.cpp in Sources */,
			);
			runOnlyForDeploymentPostprocessing = 0;
		};
/* End PBXSourcesBuildPhase section */

/* Begin PBXTargetDependency section */
		1794E6D691D844F6BBB54D46 /* PBXTargetDependency */ = {
			isa = PBXTargetDependency;
			target = F043BE9065A04BD4B26B2FA6 /* ZERO_CHECK */;
			targetProxy = 4A9D95AC098D4B8D8E738A97 /* PBXContainerItemProxy */;
		};
		23125E64841A46CDA4E0E0C0 /* PBXTargetDependency */ = {
			isa = PBXTargetDependency;
			target = CF146CEF01B947A1AA4EE0C7 /* ouzo */;
			targetProxy = 19E31543F8FB4273AD28AECF /* PBXContainerItemProxy */;
		};
		852E8B7AC4E4412D981E43D1 /* PBXTargetDependency */ = {
			isa = PBXTargetDependency;
			target = F043BE9065A04BD4B26B2FA6 /* ZERO_CHECK */;
			targetProxy = 0094B91553A24D10935BCD10 /* PBXContainerItemProxy */;
		};
/* End PBXTargetDependency section */

/* Begin XCBuildConfiguration section */
		0A9600C494824110BD1B1B4D /* RelWithDebInfo */ = {
			isa = XCBuildConfiguration;
			buildSettings = {
				COMBINE_HIDPI_IMAGES = YES;
				EXECUTABLE_PREFIX = "";
				EXECUTABLE_SUFFIX = "";
				FRAMEWORK_SEARCH_PATHS = /Applications/Xcode.app/Contents/Developer/Platforms/MacOSX.platform/Developer/SDKs/MacOSX10.11.sdk/System/Library/Frameworks;
				GCC_GENERATE_DEBUGGING_SYMBOLS = YES;
				GCC_INLINES_ARE_PRIVATE_EXTERN = NO;
				GCC_OPTIMIZATION_LEVEL = 2;
				GCC_PREPROCESSOR_DEFINITIONS = "'CMAKE_INTDIR=\"$(CONFIGURATION)$(EFFECTIVE_PLATFORM_NAME)\"'";
				GCC_SYMBOLS_PRIVATE_EXTERN = NO;
				HEADER_SEARCH_PATHS = (
					/usr/local/include/freetype2,
					/usr/local/include,
					/usr/local/include/SDL2,
					"/github/ouzo-game/include",
				);
				INSTALL_PATH = "";
				LIBRARY_SEARCH_PATHS = "";
				OTHER_CPLUSPLUSFLAGS = (
					"-Wall",
					"-std=c++11",
					"-DGLEW_STATIC",
					"-DNDEBUG",
				);
				OTHER_LDFLAGS = (
					"-Wl,-search_paths_first",
					"-Wl,-headerpad_max_install_names",
					/usr/local/lib/libfreetype.dylib,
					/usr/local/lib/libfreeimage.dylib,
					/usr/local/lib/libGLEW.dylib,
					"-framework",
					OpenGL,
					/usr/local/lib/libSDL2main.a,
					/usr/local/lib/libSDL2.dylib,
					"-framework",
					Cocoa,
				);
				OTHER_REZFLAGS = "";
				PRODUCT_NAME = ouzo;
				SECTORDER_FLAGS = "";
				SYMROOT = "/github/ouzo-game";
				USE_HEADERMAP = NO;
				WARNING_CFLAGS = (
					"-Wmost",
					"-Wno-four-char-constants",
					"-Wno-unknown-pragmas",
					"$(inherited)",
				);
			};
			name = RelWithDebInfo;
		};
		131F9ED840EF4EA2B64AE344 /* Release */ = {
			isa = XCBuildConfiguration;
			buildSettings = {
				ONLY_ACTIVE_ARCH = YES;
				SDKROOT = /Applications/Xcode.app/Contents/Developer/Platforms/MacOSX.platform/Developer/SDKs/MacOSX10.11.sdk;
				SYMROOT = "/github/ouzo-game/build";
			};
			name = Release;
		};
		22A7B36F82A0443697864DFD /* MinSizeRel */ = {
			isa = XCBuildConfiguration;
			buildSettings = {
				COMBINE_HIDPI_IMAGES = YES;
				FRAMEWORK_SEARCH_PATHS = /Applications/Xcode.app/Contents/Developer/Platforms/MacOSX.platform/Developer/SDKs/MacOSX10.11.sdk/System/Library/Frameworks;
				GCC_GENERATE_DEBUGGING_SYMBOLS = YES;
				GCC_INLINES_ARE_PRIVATE_EXTERN = NO;
				GCC_OPTIMIZATION_LEVEL = 0;
				GCC_PREPROCESSOR_DEFINITIONS = "'CMAKE_INTDIR=\"$(CONFIGURATION)$(EFFECTIVE_PLATFORM_NAME)\"'";
				GCC_SYMBOLS_PRIVATE_EXTERN = NO;
				HEADER_SEARCH_PATHS = (
					/usr/local/include/freetype2,
					/usr/local/include,
					/usr/local/include/SDL2,
					"/github/ouzo-game/include",
				);
				INSTALL_PATH = "";
				OTHER_LDFLAGS = " ";
				OTHER_REZFLAGS = "";
				PRODUCT_NAME = ZERO_CHECK;
				SECTORDER_FLAGS = "";
				SYMROOT = "/github/ouzo-game";
				USE_HEADERMAP = NO;
				WARNING_CFLAGS = (
					"-Wmost",
					"-Wno-four-char-constants",
					"-Wno-unknown-pragmas",
					"$(inherited)",
				);
			};
			name = MinSizeRel;
		};
		290EA0F355C142918922DECD /* MinSizeRel */ = {
			isa = XCBuildConfiguration;
			buildSettings = {
				COMBINE_HIDPI_IMAGES = YES;
				FRAMEWORK_SEARCH_PATHS = /Applications/Xcode.app/Contents/Developer/Platforms/MacOSX.platform/Developer/SDKs/MacOSX10.11.sdk/System/Library/Frameworks;
				GCC_GENERATE_DEBUGGING_SYMBOLS = YES;
				GCC_INLINES_ARE_PRIVATE_EXTERN = NO;
				GCC_OPTIMIZATION_LEVEL = 0;
				GCC_PREPROCESSOR_DEFINITIONS = "'CMAKE_INTDIR=\"$(CONFIGURATION)$(EFFECTIVE_PLATFORM_NAME)\"'";
				GCC_SYMBOLS_PRIVATE_EXTERN = NO;
				HEADER_SEARCH_PATHS = (
					/usr/local/include/freetype2,
					/usr/local/include,
					/usr/local/include/SDL2,
					"/github/ouzo-game/include",
				);
				INSTALL_PATH = "";
				OTHER_LDFLAGS = " ";
				OTHER_REZFLAGS = "";
				PRODUCT_NAME = ALL_BUILD;
				SECTORDER_FLAGS = "";
				SYMROOT = "/github/ouzo-game";
				USE_HEADERMAP = NO;
				WARNING_CFLAGS = (
					"-Wmost",
					"-Wno-four-char-constants",
					"-Wno-unknown-pragmas",
					"$(inherited)",
				);
			};
			name = MinSizeRel;
		};
		2AA671B081504F8A8CD2B9DF /* MinSizeRel */ = {
			isa = XCBuildConfiguration;
			buildSettings = {
				COMBINE_HIDPI_IMAGES = YES;
				EXECUTABLE_PREFIX = "";
				EXECUTABLE_SUFFIX = "";
				FRAMEWORK_SEARCH_PATHS = /Applications/Xcode.app/Contents/Developer/Platforms/MacOSX.platform/Developer/SDKs/MacOSX10.11.sdk/System/Library/Frameworks;
				GCC_GENERATE_DEBUGGING_SYMBOLS = NO;
				GCC_INLINES_ARE_PRIVATE_EXTERN = NO;
				GCC_OPTIMIZATION_LEVEL = s;
				GCC_PREPROCESSOR_DEFINITIONS = "'CMAKE_INTDIR=\"$(CONFIGURATION)$(EFFECTIVE_PLATFORM_NAME)\"'";
				GCC_SYMBOLS_PRIVATE_EXTERN = NO;
				HEADER_SEARCH_PATHS = (
					/usr/local/include/freetype2,
					/usr/local/include,
					/usr/local/include/SDL2,
					"/github/ouzo-game/include",
				);
				INSTALL_PATH = "";
				LIBRARY_SEARCH_PATHS = "";
				OTHER_CPLUSPLUSFLAGS = (
					"-Wall",
					"-std=c++11",
					"-DGLEW_STATIC",
					"-DNDEBUG",
				);
				OTHER_LDFLAGS = (
					"-Wl,-search_paths_first",
					"-Wl,-headerpad_max_install_names",
					/usr/local/lib/libfreetype.dylib,
					/usr/local/lib/libfreeimage.dylib,
					/usr/local/lib/libGLEW.dylib,
					"-framework",
					OpenGL,
					/usr/local/lib/libSDL2main.a,
					/usr/local/lib/libSDL2.dylib,
					"-framework",
					Cocoa,
				);
				OTHER_REZFLAGS = "";
				PRODUCT_NAME = ouzo;
				SECTORDER_FLAGS = "";
				SYMROOT = "/github/ouzo-game";
				USE_HEADERMAP = NO;
				WARNING_CFLAGS = (
					"-Wmost",
					"-Wno-four-char-constants",
					"-Wno-unknown-pragmas",
					"$(inherited)",
				);
			};
			name = MinSizeRel;
		};
		2CAE567643DD4ECAB840E772 /* Release */ = {
			isa = XCBuildConfiguration;
			buildSettings = {
				COMBINE_HIDPI_IMAGES = YES;
				EXECUTABLE_PREFIX = "";
				EXECUTABLE_SUFFIX = "";
				FRAMEWORK_SEARCH_PATHS = /Applications/Xcode.app/Contents/Developer/Platforms/MacOSX.platform/Developer/SDKs/MacOSX10.11.sdk/System/Library/Frameworks;
				GCC_GENERATE_DEBUGGING_SYMBOLS = NO;
				GCC_INLINES_ARE_PRIVATE_EXTERN = NO;
				GCC_OPTIMIZATION_LEVEL = 3;
				GCC_PREPROCESSOR_DEFINITIONS = "'CMAKE_INTDIR=\"$(CONFIGURATION)$(EFFECTIVE_PLATFORM_NAME)\"'";
				GCC_SYMBOLS_PRIVATE_EXTERN = NO;
				HEADER_SEARCH_PATHS = (
					/usr/local/include/freetype2,
					/usr/local/include,
					/usr/local/include/SDL2,
					"/github/ouzo-game/include",
				);
				INSTALL_PATH = "";
				LIBRARY_SEARCH_PATHS = "";
				OTHER_CPLUSPLUSFLAGS = (
					"-Wall",
					"-std=c++11",
					"-DGLEW_STATIC",
					"-DNDEBUG",
				);
				OTHER_LDFLAGS = (
					"-Wl,-search_paths_first",
					"-Wl,-headerpad_max_install_names",
					/usr/local/lib/libfreetype.dylib,
					/usr/local/lib/libfreeimage.dylib,
					/usr/local/lib/libGLEW.dylib,
					"-framework",
					OpenGL,
					/usr/local/lib/libSDL2main.a,
					/usr/local/lib/libSDL2.dylib,
					"-framework",
					Cocoa,
				);
				OTHER_REZFLAGS = "";
				PRODUCT_NAME = ouzo;
				SECTORDER_FLAGS = "";
				SYMROOT = "/github/ouzo-game";
				USE_HEADERMAP = NO;
				WARNING_CFLAGS = (
					"-Wmost",
					"-Wno-four-char-constants",
					"-Wno-unknown-pragmas",
					"$(inherited)",
				);
			};
			name = Release;
		};
		323DB49BFF1E4136A7C01D02 /* Debug */ = {
			isa = XCBuildConfiguration;
			buildSettings = {
				COMBINE_HIDPI_IMAGES = YES;
				FRAMEWORK_SEARCH_PATHS = /Applications/Xcode.app/Contents/Developer/Platforms/MacOSX.platform/Developer/SDKs/MacOSX10.11.sdk/System/Library/Frameworks;
				GCC_GENERATE_DEBUGGING_SYMBOLS = YES;
				GCC_INLINES_ARE_PRIVATE_EXTERN = NO;
				GCC_OPTIMIZATION_LEVEL = 0;
				GCC_PREPROCESSOR_DEFINITIONS = "'CMAKE_INTDIR=\"$(CONFIGURATION)$(EFFECTIVE_PLATFORM_NAME)\"'";
				GCC_SYMBOLS_PRIVATE_EXTERN = NO;
				HEADER_SEARCH_PATHS = (
					/usr/local/include/freetype2,
					/usr/local/include,
					/usr/local/include/SDL2,
					"/github/ouzo-game/include",
				);
				INSTALL_PATH = "";
				OTHER_LDFLAGS = " ";
				OTHER_REZFLAGS = "";
				PRODUCT_NAME = ALL_BUILD;
				SECTORDER_FLAGS = "";
				SYMROOT = "/github/ouzo-game";
				USE_HEADERMAP = NO;
				WARNING_CFLAGS = (
					"-Wmost",
					"-Wno-four-char-constants",
					"-Wno-unknown-pragmas",
					"$(inherited)",
				);
			};
			name = Debug;
		};
		6914392B99014DE39958AA3D /* Release */ = {
			isa = XCBuildConfiguration;
			buildSettings = {
				COMBINE_HIDPI_IMAGES = YES;
				FRAMEWORK_SEARCH_PATHS = /Applications/Xcode.app/Contents/Developer/Platforms/MacOSX.platform/Developer/SDKs/MacOSX10.11.sdk/System/Library/Frameworks;
				GCC_GENERATE_DEBUGGING_SYMBOLS = YES;
				GCC_INLINES_ARE_PRIVATE_EXTERN = NO;
				GCC_OPTIMIZATION_LEVEL = 0;
				GCC_PREPROCESSOR_DEFINITIONS = "'CMAKE_INTDIR=\"$(CONFIGURATION)$(EFFECTIVE_PLATFORM_NAME)\"'";
				GCC_SYMBOLS_PRIVATE_EXTERN = NO;
				HEADER_SEARCH_PATHS = (
					/usr/local/include/freetype2,
					/usr/local/include,
					/usr/local/include/SDL2,
					"/github/ouzo-game/include",
				);
				INSTALL_PATH = "";
				OTHER_LDFLAGS = " ";
				OTHER_REZFLAGS = "";
				PRODUCT_NAME = ALL_BUILD;
				SECTORDER_FLAGS = "";
				SYMROOT = "/github/ouzo-game";
				USE_HEADERMAP = NO;
				WARNING_CFLAGS = (
					"-Wmost",
					"-Wno-four-char-constants",
					"-Wno-unknown-pragmas",
					"$(inherited)",
				);
			};
			name = Release;
		};
		7453352DEADB41628F1C496E /* RelWithDebInfo */ = {
			isa = XCBuildConfiguration;
			buildSettings = {
				COMBINE_HIDPI_IMAGES = YES;
				FRAMEWORK_SEARCH_PATHS = /Applications/Xcode.app/Contents/Developer/Platforms/MacOSX.platform/Developer/SDKs/MacOSX10.11.sdk/System/Library/Frameworks;
				GCC_GENERATE_DEBUGGING_SYMBOLS = YES;
				GCC_INLINES_ARE_PRIVATE_EXTERN = NO;
				GCC_OPTIMIZATION_LEVEL = 0;
				GCC_PREPROCESSOR_DEFINITIONS = "'CMAKE_INTDIR=\"$(CONFIGURATION)$(EFFECTIVE_PLATFORM_NAME)\"'";
				GCC_SYMBOLS_PRIVATE_EXTERN = NO;
				HEADER_SEARCH_PATHS = (
					/usr/local/include/freetype2,
					/usr/local/include,
					/usr/local/include/SDL2,
					"/github/ouzo-game/include",
				);
				INSTALL_PATH = "";
				OTHER_LDFLAGS = " ";
				OTHER_REZFLAGS = "";
				PRODUCT_NAME = ALL_BUILD;
				SECTORDER_FLAGS = "";
				SYMROOT = "/github/ouzo-game";
				USE_HEADERMAP = NO;
				WARNING_CFLAGS = (
					"-Wmost",
					"-Wno-four-char-constants",
					"-Wno-unknown-pragmas",
					"$(inherited)",
				);
			};
			name = RelWithDebInfo;
		};
		7B905327EDF14F3F98B65466 /* Debug */ = {
			isa = XCBuildConfiguration;
			buildSettings = {
				COMBINE_HIDPI_IMAGES = YES;
				FRAMEWORK_SEARCH_PATHS = /Applications/Xcode.app/Contents/Developer/Platforms/MacOSX.platform/Developer/SDKs/MacOSX10.11.sdk/System/Library/Frameworks;
				GCC_GENERATE_DEBUGGING_SYMBOLS = YES;
				GCC_INLINES_ARE_PRIVATE_EXTERN = NO;
				GCC_OPTIMIZATION_LEVEL = 0;
				GCC_PREPROCESSOR_DEFINITIONS = "'CMAKE_INTDIR=\"$(CONFIGURATION)$(EFFECTIVE_PLATFORM_NAME)\"'";
				GCC_SYMBOLS_PRIVATE_EXTERN = NO;
				HEADER_SEARCH_PATHS = (
					/usr/local/include/freetype2,
					/usr/local/include,
					/usr/local/include/SDL2,
					"/github/ouzo-game/include",
				);
				INSTALL_PATH = "";
				OTHER_LDFLAGS = " ";
				OTHER_REZFLAGS = "";
				PRODUCT_NAME = ZERO_CHECK;
				SECTORDER_FLAGS = "";
				SYMROOT = "/github/ouzo-game";
				USE_HEADERMAP = NO;
				WARNING_CFLAGS = (
					"-Wmost",
					"-Wno-four-char-constants",
					"-Wno-unknown-pragmas",
					"$(inherited)",
				);
			};
			name = Debug;
		};
		8CAE3D717CE944C59B0D3208 /* RelWithDebInfo */ = {
			isa = XCBuildConfiguration;
			buildSettings = {
				COMBINE_HIDPI_IMAGES = YES;
				FRAMEWORK_SEARCH_PATHS = /Applications/Xcode.app/Contents/Developer/Platforms/MacOSX.platform/Developer/SDKs/MacOSX10.11.sdk/System/Library/Frameworks;
				GCC_GENERATE_DEBUGGING_SYMBOLS = YES;
				GCC_INLINES_ARE_PRIVATE_EXTERN = NO;
				GCC_OPTIMIZATION_LEVEL = 0;
				GCC_PREPROCESSOR_DEFINITIONS = "'CMAKE_INTDIR=\"$(CONFIGURATION)$(EFFECTIVE_PLATFORM_NAME)\"'";
				GCC_SYMBOLS_PRIVATE_EXTERN = NO;
				HEADER_SEARCH_PATHS = (
					/usr/local/include/freetype2,
					/usr/local/include,
					/usr/local/include/SDL2,
					"/github/ouzo-game/include",
				);
				INSTALL_PATH = "";
				OTHER_LDFLAGS = " ";
				OTHER_REZFLAGS = "";
				PRODUCT_NAME = ZERO_CHECK;
				SECTORDER_FLAGS = "";
				SYMROOT = "/github/ouzo-game";
				USE_HEADERMAP = NO;
				WARNING_CFLAGS = (
					"-Wmost",
					"-Wno-four-char-constants",
					"-Wno-unknown-pragmas",
					"$(inherited)",
				);
			};
			name = RelWithDebInfo;
		};
		903E185BA92D427E9E69AAA8 /* Debug */ = {
			isa = XCBuildConfiguration;
			buildSettings = {
				COMBINE_HIDPI_IMAGES = YES;
				EXECUTABLE_PREFIX = "";
				EXECUTABLE_SUFFIX = "";
				FRAMEWORK_SEARCH_PATHS = /Applications/Xcode.app/Contents/Developer/Platforms/MacOSX.platform/Developer/SDKs/MacOSX10.11.sdk/System/Library/Frameworks;
				GCC_GENERATE_DEBUGGING_SYMBOLS = YES;
				GCC_INLINES_ARE_PRIVATE_EXTERN = NO;
				GCC_OPTIMIZATION_LEVEL = 0;
				GCC_PREPROCESSOR_DEFINITIONS = "'CMAKE_INTDIR=\"$(CONFIGURATION)$(EFFECTIVE_PLATFORM_NAME)\"'";
				GCC_SYMBOLS_PRIVATE_EXTERN = NO;
				HEADER_SEARCH_PATHS = (
					/usr/local/include/freetype2,
					/usr/local/include,
					/usr/local/include/SDL2,
					"/github/ouzo-game/include",
				);
				INSTALL_PATH = "";
				LIBRARY_SEARCH_PATHS = "";
				OTHER_CPLUSPLUSFLAGS = (
					"-Wall",
					"-std=c++11",
					"-DGLEW_STATIC",
					"-DOUZO_DEBUG",
				);
				OTHER_LDFLAGS = (
					"-Wl,-search_paths_first",
					"-Wl,-headerpad_max_install_names",
					/usr/local/lib/libfreetype.dylib,
					/usr/local/lib/libfreeimage.dylib,
					/usr/local/lib/libGLEW.dylib,
					"-framework",
					OpenGL,
					/usr/local/lib/libSDL2main.a,
					/usr/local/lib/libSDL2.dylib,
					"-framework",
					Cocoa,
				);
				OTHER_REZFLAGS = "";
				PRODUCT_NAME = ouzo;
				SECTORDER_FLAGS = "";
				SYMROOT = "/github/ouzo-game";
				USE_HEADERMAP = NO;
				WARNING_CFLAGS = (
					"-Wmost",
					"-Wno-four-char-constants",
					"-Wno-unknown-pragmas",
					"$(inherited)",
				);
			};
			name = Debug;
		};
		9F8187083821431FAE03B45C /* RelWithDebInfo */ = {
			isa = XCBuildConfiguration;
			buildSettings = {
				ONLY_ACTIVE_ARCH = YES;
				SDKROOT = /Applications/Xcode.app/Contents/Developer/Platforms/MacOSX.platform/Developer/SDKs/MacOSX10.11.sdk;
				SYMROOT = "/github/ouzo-game/build";
			};
			name = RelWithDebInfo;
		};
		B51B98FAD1014CD8A0786325 /* Release */ = {
			isa = XCBuildConfiguration;
			buildSettings = {
				COMBINE_HIDPI_IMAGES = YES;
				FRAMEWORK_SEARCH_PATHS = /Applications/Xcode.app/Contents/Developer/Platforms/MacOSX.platform/Developer/SDKs/MacOSX10.11.sdk/System/Library/Frameworks;
				GCC_GENERATE_DEBUGGING_SYMBOLS = YES;
				GCC_INLINES_ARE_PRIVATE_EXTERN = NO;
				GCC_OPTIMIZATION_LEVEL = 0;
				GCC_PREPROCESSOR_DEFINITIONS = "'CMAKE_INTDIR=\"$(CONFIGURATION)$(EFFECTIVE_PLATFORM_NAME)\"'";
				GCC_SYMBOLS_PRIVATE_EXTERN = NO;
				HEADER_SEARCH_PATHS = (
					/usr/local/include/freetype2,
					/usr/local/include,
					/usr/local/include/SDL2,
					"/github/ouzo-game/include",
				);
				INSTALL_PATH = "";
				OTHER_LDFLAGS = " ";
				OTHER_REZFLAGS = "";
				PRODUCT_NAME = ZERO_CHECK;
				SECTORDER_FLAGS = "";
				SYMROOT = "/github/ouzo-game";
				USE_HEADERMAP = NO;
				WARNING_CFLAGS = (
					"-Wmost",
					"-Wno-four-char-constants",
					"-Wno-unknown-pragmas",
					"$(inherited)",
				);
			};
			name = Release;
		};
		B9CBA93AB9444042B27440AF /* Debug */ = {
			isa = XCBuildConfiguration;
			buildSettings = {
				ENABLE_TESTABILITY = YES;
				ONLY_ACTIVE_ARCH = YES;
				SDKROOT = /Applications/Xcode.app/Contents/Developer/Platforms/MacOSX.platform/Developer/SDKs/MacOSX10.11.sdk;
				SYMROOT = "/github/ouzo-game/build";
			};
			name = Debug;
		};
		EE4B63840317441A90B221FD /* MinSizeRel */ = {
			isa = XCBuildConfiguration;
			buildSettings = {
				ONLY_ACTIVE_ARCH = YES;
				SDKROOT = /Applications/Xcode.app/Contents/Developer/Platforms/MacOSX.platform/Developer/SDKs/MacOSX10.11.sdk;
				SYMROOT = "/github/ouzo-game/build";
			};
			name = MinSizeRel;
		};
/* End XCBuildConfiguration section */

/* Begin XCConfigurationList section */
		8A90E67D4D914F29BE59AC4E /* Build configuration list for PBXAggregateTarget "ALL_BUILD" */ = {
			isa = XCConfigurationList;
			buildConfigurations = (
				323DB49BFF1E4136A7C01D02 /* Debug */,
				6914392B99014DE39958AA3D /* Release */,
				290EA0F355C142918922DECD /* MinSizeRel */,
				7453352DEADB41628F1C496E /* RelWithDebInfo */,
			);
			defaultConfigurationIsVisible = 0;
			defaultConfigurationName = Debug;
		};
		A8888442E3064035A878F62B /* Build configuration list for PBXProject "ouzo" */ = {
			isa = XCConfigurationList;
			buildConfigurations = (
				B9CBA93AB9444042B27440AF /* Debug */,
				131F9ED840EF4EA2B64AE344 /* Release */,
				EE4B63840317441A90B221FD /* MinSizeRel */,
				9F8187083821431FAE03B45C /* RelWithDebInfo */,
			);
			defaultConfigurationIsVisible = 0;
			defaultConfigurationName = Debug;
		};
		DE611EC43E764B49887309B8 /* Build configuration list for PBXNativeTarget "ouzo" */ = {
			isa = XCConfigurationList;
			buildConfigurations = (
				903E185BA92D427E9E69AAA8 /* Debug */,
				2CAE567643DD4ECAB840E772 /* Release */,
				2AA671B081504F8A8CD2B9DF /* MinSizeRel */,
				0A9600C494824110BD1B1B4D /* RelWithDebInfo */,
			);
			defaultConfigurationIsVisible = 0;
			defaultConfigurationName = Debug;
		};
		EBC03D2858604777A2DB649E /* Build configuration list for PBXAggregateTarget "ZERO_CHECK" */ = {
			isa = XCConfigurationList;
			buildConfigurations = (
				7B905327EDF14F3F98B65466 /* Debug */,
				B51B98FAD1014CD8A0786325 /* Release */,
				22A7B36F82A0443697864DFD /* MinSizeRel */,
				8CAE3D717CE944C59B0D3208 /* RelWithDebInfo */,
			);
			defaultConfigurationIsVisible = 0;
			defaultConfigurationName = Debug;
		};
/* End XCConfigurationList section */
	};
	rootObject = 42AAB6503F994E96B2D1C79E /* Project object */;
}
